
Microsoft Visual Studio Solution File, Format Version 12.00
# Visual Studio 14
VisualStudioVersion = 14.0.25123.0
MinimumVisualStudioVersion = 10.0.40219.1
Project("{2150E333-8FDC-42A3-9474-1A3956D46DE8}") = "Solution Items", "Solution Items", "{9960D177-59EB-47FC-8672-610F13F094B5}"
	ProjectSection(SolutionItems) = preProject
		nuget.config = nuget.config
	EndProjectSection
EndProject
Project("{2150E333-8FDC-42A3-9474-1A3956D46DE8}") = "AddIns", "AddIns", "{BCABD5DB-D216-4F7E-AA4D-F9C4E20DADE9}"
EndProject
Project("{FAE04EC0-301F-11D3-BF4B-00C04F79EFBC}") = "DokuFlex.Word.AddIn", "DokuFlex.Word.AddIn\DokuFlex.Word.AddIn.csproj", "{4E0A93AD-7445-405B-ADDB-437463E426EA}"
EndProject
Project("{FAE04EC0-301F-11D3-BF4B-00C04F79EFBC}") = "DokuFlex.Excel.AddIn", "DokuFlex.Excel.AddIn\DokuFlex.Excel.AddIn.csproj", "{CA0FF4BD-7B35-4B11-9328-0874E8A2A250}"
EndProject
Project("{FAE04EC0-301F-11D3-BF4B-00C04F79EFBC}") = "DokuFlex.PowerPoint.AddIn", "DokuFlex.PowerPoint.AddIn\DokuFlex.PowerPoint.AddIn.csproj", "{88DDD9E6-7A39-46FE-A856-DE24A3608941}"
EndProject
Project("{FAE04EC0-301F-11D3-BF4B-00C04F79EFBC}") = "DokuFlex.Outlook.AddIn", "DokuFlex.Outlook.AddIn\DokuFlex.Outlook.AddIn.csproj", "{F149C198-7487-4638-9DE7-FD32BCCC318B}"
EndProject
Project("{2150E333-8FDC-42A3-9474-1A3956D46DE8}") = "Apps", "Apps", "{5539DF95-D2AE-4867-8AB4-131CBBC4E552}"
EndProject
Project("{2150E333-8FDC-42A3-9474-1A3956D46DE8}") = "Windows", "Windows", "{B19FCC81-8CA0-41D5-B77D-17E2BF9B43C7}"
EndProject
Project("{FAE04EC0-301F-11D3-BF4B-00C04F79EFBC}") = "DokuFlex.Windows.Common", "DokuFlex.Windows.Common\DokuFlex.Windows.Common.csproj", "{0CAC64ED-8EDC-42F2-A982-66FF83AF9A73}"
EndProject
Project("{FAE04EC0-301F-11D3-BF4B-00C04F79EFBC}") = "DokuFlex.Windows.Common.Tests", "DokuFlex.Windows.Common.Tests\DokuFlex.Windows.Common.Tests.csproj", "{09F71297-21F2-4D77-9874-C8C34BC426D9}"
EndProject
Project("{FAE04EC0-301F-11D3-BF4B-00C04F79EFBC}") = "DokuFlex.WinForms.Common", "DokuFlex.WinForms.Common\DokuFlex.WinForms.Common.csproj", "{21316159-7415-4F7C-9A82-540AFD96758B}"
EndProject
Project("{FAE04EC0-301F-11D3-BF4B-00C04F79EFBC}") = "DokuFlex.WinForms.Common.Tests", "DokuFlex.WinForms.Common.Tests\DokuFlex.WinForms.Common.Tests.csproj", "{45A82428-D7BB-4CCC-AAB6-1C779DB95C22}"
EndProject
Project("{FAE04EC0-301F-11D3-BF4B-00C04F79EFBC}") = "DFScan", "DFScan\DFScan.csproj", "{DD630694-58B9-415A-A3E8-562E2FE31564}"
EndProject
Project("{FAE04EC0-301F-11D3-BF4B-00C04F79EFBC}") = "DFScan.Tests", "DFScan.Tests\DFScan.Tests.csproj", "{90BCD121-049F-4C8D-937F-E6EFBD5537CE}"
EndProject
Project("{2150E333-8FDC-42A3-9474-1A3956D46DE8}") = "Setup", "Setup", "{00F82CE0-5596-4D5A-8A20-BAA5FA8553C5}"
EndProject
Project("{6141683F-8A12-4E36-9623-2EB02B2C2303}") = "WEPOAddinSetup", "WEPOAddinSetup\WEPOAddinSetup.isproj", "{D855FB6A-FB10-41E0-B7AB-EE15DB0C94C3}"
	ProjectSection(ProjectDependencies) = postProject
		{21316159-7415-4F7C-9A82-540AFD96758B} = {21316159-7415-4F7C-9A82-540AFD96758B}
	EndProjectSection
EndProject
Project("{FAE04EC0-301F-11D3-BF4B-00C04F79EFBC}") = "DFExplorer", "DFExplorer\DFExplorer.csproj", "{CD706E90-3D12-4850-B7A1-8435DDEAF8CD}"
EndProject
Project("{FAE04EC0-301F-11D3-BF4B-00C04F79EFBC}") = "DFExplorer.Tests", "DFExplorer.Tests\DFExplorer.Tests.csproj", "{54722C38-9293-4CAC-B75E-694DF7BF3625}"
EndProject
Project("{FAE04EC0-301F-11D3-BF4B-00C04F79EFBC}") = "DokuFlexVPrinter", "DokuFlexVPrinter\DokuFlexVPrinter.csproj", "{AFE480EF-C598-49E5-A80B-BD828C91E093}"
EndProject
Project("{FAE04EC0-301F-11D3-BF4B-00C04F79EFBC}") = "DokuFlexVPrinter.ClientTest", "DokuFlexVPrinter.ClientTest\DokuFlexVPrinter.ClientTest.csproj", "{8798A516-1C7E-48B9-8534-10F8471DA732}"
EndProject
Project("{54435603-DBB4-11D2-8724-00A0C9A8B90C}") = "Doku4InvoicesSetup", "Doku4InvoicesSetup\Doku4InvoicesSetup.vdproj", "{8C68CA22-92F7-45B8-A9D2-46F139B9CBE9}"
EndProject
Global
	GlobalSection(SolutionConfigurationPlatforms) = preSolution
		CD_ROM|Any CPU = CD_ROM|Any CPU
		CD_ROM|x86 = CD_ROM|x86
		Debug|Any CPU = Debug|Any CPU
		Debug|x86 = Debug|x86
		DVD-5|Any CPU = DVD-5|Any CPU
		DVD-5|x86 = DVD-5|x86
		Release|Any CPU = Release|Any CPU
		Release|x86 = Release|x86
		SingleImage|Any CPU = SingleImage|Any CPU
		SingleImage|x86 = SingleImage|x86
	EndGlobalSection
	GlobalSection(ProjectConfigurationPlatforms) = postSolution
		{4E0A93AD-7445-405B-ADDB-437463E426EA}.CD_ROM|Any CPU.ActiveCfg = Release|Any CPU
		{4E0A93AD-7445-405B-ADDB-437463E426EA}.CD_ROM|Any CPU.Build.0 = Release|Any CPU
		{4E0A93AD-7445-405B-ADDB-437463E426EA}.CD_ROM|x86.ActiveCfg = Debug|Any CPU
		{4E0A93AD-7445-405B-ADDB-437463E426EA}.Debug|Any CPU.ActiveCfg = Debug|Any CPU
		{4E0A93AD-7445-405B-ADDB-437463E426EA}.Debug|Any CPU.Build.0 = Debug|Any CPU
		{4E0A93AD-7445-405B-ADDB-437463E426EA}.Debug|x86.ActiveCfg = Debug|Any CPU
		{4E0A93AD-7445-405B-ADDB-437463E426EA}.DVD-5|Any CPU.ActiveCfg = Debug|Any CPU
		{4E0A93AD-7445-405B-ADDB-437463E426EA}.DVD-5|Any CPU.Build.0 = Debug|Any CPU
		{4E0A93AD-7445-405B-ADDB-437463E426EA}.DVD-5|x86.ActiveCfg = Debug|Any CPU
		{4E0A93AD-7445-405B-ADDB-437463E426EA}.Release|Any CPU.ActiveCfg = Release|Any CPU
		{4E0A93AD-7445-405B-ADDB-437463E426EA}.Release|Any CPU.Build.0 = Release|Any CPU
		{4E0A93AD-7445-405B-ADDB-437463E426EA}.Release|x86.ActiveCfg = Release|Any CPU
		{4E0A93AD-7445-405B-ADDB-437463E426EA}.SingleImage|Any CPU.ActiveCfg = Release|Any CPU
		{4E0A93AD-7445-405B-ADDB-437463E426EA}.SingleImage|Any CPU.Build.0 = Release|Any CPU
		{4E0A93AD-7445-405B-ADDB-437463E426EA}.SingleImage|x86.ActiveCfg = Debug|Any CPU
		{CA0FF4BD-7B35-4B11-9328-0874E8A2A250}.CD_ROM|Any CPU.ActiveCfg = Release|Any CPU
		{CA0FF4BD-7B35-4B11-9328-0874E8A2A250}.CD_ROM|Any CPU.Build.0 = Release|Any CPU
		{CA0FF4BD-7B35-4B11-9328-0874E8A2A250}.CD_ROM|x86.ActiveCfg = Debug|Any CPU
		{CA0FF4BD-7B35-4B11-9328-0874E8A2A250}.Debug|Any CPU.ActiveCfg = Debug|Any CPU
		{CA0FF4BD-7B35-4B11-9328-0874E8A2A250}.Debug|Any CPU.Build.0 = Debug|Any CPU
		{CA0FF4BD-7B35-4B11-9328-0874E8A2A250}.Debug|x86.ActiveCfg = Debug|Any CPU
		{CA0FF4BD-7B35-4B11-9328-0874E8A2A250}.DVD-5|Any CPU.ActiveCfg = Debug|Any CPU
		{CA0FF4BD-7B35-4B11-9328-0874E8A2A250}.DVD-5|Any CPU.Build.0 = Debug|Any CPU
		{CA0FF4BD-7B35-4B11-9328-0874E8A2A250}.DVD-5|x86.ActiveCfg = Debug|Any CPU
		{CA0FF4BD-7B35-4B11-9328-0874E8A2A250}.Release|Any CPU.ActiveCfg = Release|Any CPU
		{CA0FF4BD-7B35-4B11-9328-0874E8A2A250}.Release|Any CPU.Build.0 = Release|Any CPU
		{CA0FF4BD-7B35-4B11-9328-0874E8A2A250}.Release|x86.ActiveCfg = Release|Any CPU
		{CA0FF4BD-7B35-4B11-9328-0874E8A2A250}.SingleImage|Any CPU.ActiveCfg = Release|Any CPU
		{CA0FF4BD-7B35-4B11-9328-0874E8A2A250}.SingleImage|Any CPU.Build.0 = Release|Any CPU
		{CA0FF4BD-7B35-4B11-9328-0874E8A2A250}.SingleImage|x86.ActiveCfg = Debug|Any CPU
		{88DDD9E6-7A39-46FE-A856-DE24A3608941}.CD_ROM|Any CPU.ActiveCfg = Release|Any CPU
		{88DDD9E6-7A39-46FE-A856-DE24A3608941}.CD_ROM|Any CPU.Build.0 = Release|Any CPU
		{88DDD9E6-7A39-46FE-A856-DE24A3608941}.CD_ROM|x86.ActiveCfg = Debug|Any CPU
		{88DDD9E6-7A39-46FE-A856-DE24A3608941}.Debug|Any CPU.ActiveCfg = Debug|Any CPU
		{88DDD9E6-7A39-46FE-A856-DE24A3608941}.Debug|Any CPU.Build.0 = Debug|Any CPU
		{88DDD9E6-7A39-46FE-A856-DE24A3608941}.Debug|x86.ActiveCfg = Debug|Any CPU
		{88DDD9E6-7A39-46FE-A856-DE24A3608941}.DVD-5|Any CPU.ActiveCfg = Debug|Any CPU
		{88DDD9E6-7A39-46FE-A856-DE24A3608941}.DVD-5|Any CPU.Build.0 = Debug|Any CPU
		{88DDD9E6-7A39-46FE-A856-DE24A3608941}.DVD-5|x86.ActiveCfg = Debug|Any CPU
		{88DDD9E6-7A39-46FE-A856-DE24A3608941}.Release|Any CPU.ActiveCfg = Release|Any CPU
		{88DDD9E6-7A39-46FE-A856-DE24A3608941}.Release|Any CPU.Build.0 = Release|Any CPU
		{88DDD9E6-7A39-46FE-A856-DE24A3608941}.Release|x86.ActiveCfg = Release|Any CPU
		{88DDD9E6-7A39-46FE-A856-DE24A3608941}.SingleImage|Any CPU.ActiveCfg = Release|Any CPU
		{88DDD9E6-7A39-46FE-A856-DE24A3608941}.SingleImage|Any CPU.Build.0 = Release|Any CPU
		{88DDD9E6-7A39-46FE-A856-DE24A3608941}.SingleImage|x86.ActiveCfg = Debug|Any CPU
		{F149C198-7487-4638-9DE7-FD32BCCC318B}.CD_ROM|Any CPU.ActiveCfg = Release|Any CPU
		{F149C198-7487-4638-9DE7-FD32BCCC318B}.CD_ROM|Any CPU.Build.0 = Release|Any CPU
		{F149C198-7487-4638-9DE7-FD32BCCC318B}.CD_ROM|x86.ActiveCfg = Debug|Any CPU
		{F149C198-7487-4638-9DE7-FD32BCCC318B}.Debug|Any CPU.ActiveCfg = Debug|Any CPU
		{F149C198-7487-4638-9DE7-FD32BCCC318B}.Debug|Any CPU.Build.0 = Debug|Any CPU
		{F149C198-7487-4638-9DE7-FD32BCCC318B}.Debug|x86.ActiveCfg = Debug|Any CPU
		{F149C198-7487-4638-9DE7-FD32BCCC318B}.DVD-5|Any CPU.ActiveCfg = Debug|Any CPU
		{F149C198-7487-4638-9DE7-FD32BCCC318B}.DVD-5|Any CPU.Build.0 = Debug|Any CPU
		{F149C198-7487-4638-9DE7-FD32BCCC318B}.DVD-5|x86.ActiveCfg = Debug|Any CPU
		{F149C198-7487-4638-9DE7-FD32BCCC318B}.Release|Any CPU.ActiveCfg = Release|Any CPU
		{F149C198-7487-4638-9DE7-FD32BCCC318B}.Release|Any CPU.Build.0 = Release|Any CPU
		{F149C198-7487-4638-9DE7-FD32BCCC318B}.Release|x86.ActiveCfg = Release|Any CPU
		{F149C198-7487-4638-9DE7-FD32BCCC318B}.SingleImage|Any CPU.ActiveCfg = Release|Any CPU
		{F149C198-7487-4638-9DE7-FD32BCCC318B}.SingleImage|Any CPU.Build.0 = Release|Any CPU
		{F149C198-7487-4638-9DE7-FD32BCCC318B}.SingleImage|x86.ActiveCfg = Debug|Any CPU
		{0CAC64ED-8EDC-42F2-A982-66FF83AF9A73}.CD_ROM|Any CPU.ActiveCfg = Release|Any CPU
		{0CAC64ED-8EDC-42F2-A982-66FF83AF9A73}.CD_ROM|Any CPU.Build.0 = Release|Any CPU
		{0CAC64ED-8EDC-42F2-A982-66FF83AF9A73}.CD_ROM|x86.ActiveCfg = Debug|Any CPU
		{0CAC64ED-8EDC-42F2-A982-66FF83AF9A73}.Debug|Any CPU.ActiveCfg = Debug|Any CPU
		{0CAC64ED-8EDC-42F2-A982-66FF83AF9A73}.Debug|Any CPU.Build.0 = Debug|Any CPU
		{0CAC64ED-8EDC-42F2-A982-66FF83AF9A73}.Debug|x86.ActiveCfg = Debug|Any CPU
		{0CAC64ED-8EDC-42F2-A982-66FF83AF9A73}.DVD-5|Any CPU.ActiveCfg = Debug|Any CPU
		{0CAC64ED-8EDC-42F2-A982-66FF83AF9A73}.DVD-5|Any CPU.Build.0 = Debug|Any CPU
		{0CAC64ED-8EDC-42F2-A982-66FF83AF9A73}.DVD-5|x86.ActiveCfg = Debug|Any CPU
		{0CAC64ED-8EDC-42F2-A982-66FF83AF9A73}.Release|Any CPU.ActiveCfg = Release|Any CPU
		{0CAC64ED-8EDC-42F2-A982-66FF83AF9A73}.Release|Any CPU.Build.0 = Release|Any CPU
		{0CAC64ED-8EDC-42F2-A982-66FF83AF9A73}.Release|x86.ActiveCfg = Release|Any CPU
		{0CAC64ED-8EDC-42F2-A982-66FF83AF9A73}.SingleImage|Any CPU.ActiveCfg = Release|Any CPU
		{0CAC64ED-8EDC-42F2-A982-66FF83AF9A73}.SingleImage|Any CPU.Build.0 = Release|Any CPU
		{0CAC64ED-8EDC-42F2-A982-66FF83AF9A73}.SingleImage|x86.ActiveCfg = Debug|Any CPU
		{09F71297-21F2-4D77-9874-C8C34BC426D9}.CD_ROM|Any CPU.ActiveCfg = Release|Any CPU
		{09F71297-21F2-4D77-9874-C8C34BC426D9}.CD_ROM|Any CPU.Build.0 = Release|Any CPU
		{09F71297-21F2-4D77-9874-C8C34BC426D9}.CD_ROM|x86.ActiveCfg = Debug|Any CPU
		{09F71297-21F2-4D77-9874-C8C34BC426D9}.Debug|Any CPU.ActiveCfg = Debug|Any CPU
		{09F71297-21F2-4D77-9874-C8C34BC426D9}.Debug|Any CPU.Build.0 = Debug|Any CPU
		{09F71297-21F2-4D77-9874-C8C34BC426D9}.Debug|x86.ActiveCfg = Debug|Any CPU
		{09F71297-21F2-4D77-9874-C8C34BC426D9}.DVD-5|Any CPU.ActiveCfg = Debug|Any CPU
		{09F71297-21F2-4D77-9874-C8C34BC426D9}.DVD-5|Any CPU.Build.0 = Debug|Any CPU
		{09F71297-21F2-4D77-9874-C8C34BC426D9}.DVD-5|x86.ActiveCfg = Debug|Any CPU
		{09F71297-21F2-4D77-9874-C8C34BC426D9}.Release|Any CPU.ActiveCfg = Release|Any CPU
		{09F71297-21F2-4D77-9874-C8C34BC426D9}.Release|Any CPU.Build.0 = Release|Any CPU
		{09F71297-21F2-4D77-9874-C8C34BC426D9}.Release|x86.ActiveCfg = Release|Any CPU
		{09F71297-21F2-4D77-9874-C8C34BC426D9}.SingleImage|Any CPU.ActiveCfg = Release|Any CPU
		{09F71297-21F2-4D77-9874-C8C34BC426D9}.SingleImage|Any CPU.Build.0 = Release|Any CPU
		{09F71297-21F2-4D77-9874-C8C34BC426D9}.SingleImage|x86.ActiveCfg = Debug|Any CPU
		{21316159-7415-4F7C-9A82-540AFD96758B}.CD_ROM|Any CPU.ActiveCfg = Release|Any CPU
		{21316159-7415-4F7C-9A82-540AFD96758B}.CD_ROM|Any CPU.Build.0 = Release|Any CPU
		{21316159-7415-4F7C-9A82-540AFD96758B}.CD_ROM|x86.ActiveCfg = Debug|Any CPU
		{21316159-7415-4F7C-9A82-540AFD96758B}.Debug|Any CPU.ActiveCfg = Debug|Any CPU
		{21316159-7415-4F7C-9A82-540AFD96758B}.Debug|Any CPU.Build.0 = Debug|Any CPU
		{21316159-7415-4F7C-9A82-540AFD96758B}.Debug|x86.ActiveCfg = Debug|Any CPU
		{21316159-7415-4F7C-9A82-540AFD96758B}.DVD-5|Any CPU.ActiveCfg = Debug|Any CPU
		{21316159-7415-4F7C-9A82-540AFD96758B}.DVD-5|Any CPU.Build.0 = Debug|Any CPU
		{21316159-7415-4F7C-9A82-540AFD96758B}.DVD-5|x86.ActiveCfg = Debug|Any CPU
		{21316159-7415-4F7C-9A82-540AFD96758B}.Release|Any CPU.ActiveCfg = Release|Any CPU
		{21316159-7415-4F7C-9A82-540AFD96758B}.Release|Any CPU.Build.0 = Release|Any CPU
		{21316159-7415-4F7C-9A82-540AFD96758B}.Release|x86.ActiveCfg = Release|Any CPU
		{21316159-7415-4F7C-9A82-540AFD96758B}.SingleImage|Any CPU.ActiveCfg = Release|Any CPU
		{21316159-7415-4F7C-9A82-540AFD96758B}.SingleImage|Any CPU.Build.0 = Release|Any CPU
		{21316159-7415-4F7C-9A82-540AFD96758B}.SingleImage|x86.ActiveCfg = Debug|Any CPU
		{45A82428-D7BB-4CCC-AAB6-1C779DB95C22}.CD_ROM|Any CPU.ActiveCfg = Release|Any CPU
		{45A82428-D7BB-4CCC-AAB6-1C779DB95C22}.CD_ROM|Any CPU.Build.0 = Release|Any CPU
		{45A82428-D7BB-4CCC-AAB6-1C779DB95C22}.CD_ROM|x86.ActiveCfg = Debug|Any CPU
		{45A82428-D7BB-4CCC-AAB6-1C779DB95C22}.Debug|Any CPU.ActiveCfg = Debug|Any CPU
		{45A82428-D7BB-4CCC-AAB6-1C779DB95C22}.Debug|Any CPU.Build.0 = Debug|Any CPU
		{45A82428-D7BB-4CCC-AAB6-1C779DB95C22}.Debug|x86.ActiveCfg = Debug|Any CPU
		{45A82428-D7BB-4CCC-AAB6-1C779DB95C22}.DVD-5|Any CPU.ActiveCfg = Debug|Any CPU
		{45A82428-D7BB-4CCC-AAB6-1C779DB95C22}.DVD-5|Any CPU.Build.0 = Debug|Any CPU
		{45A82428-D7BB-4CCC-AAB6-1C779DB95C22}.DVD-5|x86.ActiveCfg = Debug|Any CPU
		{45A82428-D7BB-4CCC-AAB6-1C779DB95C22}.Release|Any CPU.ActiveCfg = Release|Any CPU
		{45A82428-D7BB-4CCC-AAB6-1C779DB95C22}.Release|Any CPU.Build.0 = Release|Any CPU
		{45A82428-D7BB-4CCC-AAB6-1C779DB95C22}.Release|x86.ActiveCfg = Release|Any CPU
		{45A82428-D7BB-4CCC-AAB6-1C779DB95C22}.SingleImage|Any CPU.ActiveCfg = Release|Any CPU
		{45A82428-D7BB-4CCC-AAB6-1C779DB95C22}.SingleImage|Any CPU.Build.0 = Release|Any CPU
		{45A82428-D7BB-4CCC-AAB6-1C779DB95C22}.SingleImage|x86.ActiveCfg = Debug|Any CPU
		{DD630694-58B9-415A-A3E8-562E2FE31564}.CD_ROM|Any CPU.ActiveCfg = Release|Any CPU
		{DD630694-58B9-415A-A3E8-562E2FE31564}.CD_ROM|Any CPU.Build.0 = Release|Any CPU
		{DD630694-58B9-415A-A3E8-562E2FE31564}.CD_ROM|x86.ActiveCfg = Debug|Any CPU
		{DD630694-58B9-415A-A3E8-562E2FE31564}.Debug|Any CPU.ActiveCfg = Debug|Any CPU
		{DD630694-58B9-415A-A3E8-562E2FE31564}.Debug|Any CPU.Build.0 = Debug|Any CPU
		{DD630694-58B9-415A-A3E8-562E2FE31564}.Debug|x86.ActiveCfg = Debug|Any CPU
		{DD630694-58B9-415A-A3E8-562E2FE31564}.DVD-5|Any CPU.ActiveCfg = Debug|Any CPU
		{DD630694-58B9-415A-A3E8-562E2FE31564}.DVD-5|Any CPU.Build.0 = Debug|Any CPU
		{DD630694-58B9-415A-A3E8-562E2FE31564}.DVD-5|x86.ActiveCfg = Debug|Any CPU
		{DD630694-58B9-415A-A3E8-562E2FE31564}.Release|Any CPU.ActiveCfg = Release|Any CPU
		{DD630694-58B9-415A-A3E8-562E2FE31564}.Release|Any CPU.Build.0 = Release|Any CPU
		{DD630694-58B9-415A-A3E8-562E2FE31564}.Release|x86.ActiveCfg = Release|Any CPU
		{DD630694-58B9-415A-A3E8-562E2FE31564}.SingleImage|Any CPU.ActiveCfg = Release|Any CPU
		{DD630694-58B9-415A-A3E8-562E2FE31564}.SingleImage|Any CPU.Build.0 = Release|Any CPU
		{DD630694-58B9-415A-A3E8-562E2FE31564}.SingleImage|x86.ActiveCfg = Debug|Any CPU
		{90BCD121-049F-4C8D-937F-E6EFBD5537CE}.CD_ROM|Any CPU.ActiveCfg = Release|Any CPU
		{90BCD121-049F-4C8D-937F-E6EFBD5537CE}.CD_ROM|Any CPU.Build.0 = Release|Any CPU
		{90BCD121-049F-4C8D-937F-E6EFBD5537CE}.CD_ROM|x86.ActiveCfg = Debug|Any CPU
		{90BCD121-049F-4C8D-937F-E6EFBD5537CE}.Debug|Any CPU.ActiveCfg = Debug|Any CPU
		{90BCD121-049F-4C8D-937F-E6EFBD5537CE}.Debug|Any CPU.Build.0 = Debug|Any CPU
		{90BCD121-049F-4C8D-937F-E6EFBD5537CE}.Debug|x86.ActiveCfg = Debug|Any CPU
		{90BCD121-049F-4C8D-937F-E6EFBD5537CE}.DVD-5|Any CPU.ActiveCfg = Debug|Any CPU
		{90BCD121-049F-4C8D-937F-E6EFBD5537CE}.DVD-5|Any CPU.Build.0 = Debug|Any CPU
		{90BCD121-049F-4C8D-937F-E6EFBD5537CE}.DVD-5|x86.ActiveCfg = Debug|Any CPU
		{90BCD121-049F-4C8D-937F-E6EFBD5537CE}.Release|Any CPU.ActiveCfg = Release|Any CPU
		{90BCD121-049F-4C8D-937F-E6EFBD5537CE}.Release|Any CPU.Build.0 = Release|Any CPU
		{90BCD121-049F-4C8D-937F-E6EFBD5537CE}.Release|x86.ActiveCfg = Release|Any CPU
		{90BCD121-049F-4C8D-937F-E6EFBD5537CE}.SingleImage|Any CPU.ActiveCfg = Release|Any CPU
		{90BCD121-049F-4C8D-937F-E6EFBD5537CE}.SingleImage|Any CPU.Build.0 = Release|Any CPU
		{90BCD121-049F-4C8D-937F-E6EFBD5537CE}.SingleImage|x86.ActiveCfg = Debug|Any CPU
		{D855FB6A-FB10-41E0-B7AB-EE15DB0C94C3}.CD_ROM|Any CPU.ActiveCfg = CD_ROM
		{D855FB6A-FB10-41E0-B7AB-EE15DB0C94C3}.CD_ROM|Any CPU.Build.0 = CD_ROM
		{D855FB6A-FB10-41E0-B7AB-EE15DB0C94C3}.CD_ROM|x86.ActiveCfg = CD_ROM
		{D855FB6A-FB10-41E0-B7AB-EE15DB0C94C3}.Debug|Any CPU.ActiveCfg = DVD-5
		{D855FB6A-FB10-41E0-B7AB-EE15DB0C94C3}.Debug|Any CPU.Build.0 = DVD-5
		{D855FB6A-FB10-41E0-B7AB-EE15DB0C94C3}.Debug|x86.ActiveCfg = DVD-5
		{D855FB6A-FB10-41E0-B7AB-EE15DB0C94C3}.DVD-5|Any CPU.ActiveCfg = DVD-5
		{D855FB6A-FB10-41E0-B7AB-EE15DB0C94C3}.DVD-5|Any CPU.Build.0 = DVD-5
		{D855FB6A-FB10-41E0-B7AB-EE15DB0C94C3}.DVD-5|x86.ActiveCfg = DVD-5
		{D855FB6A-FB10-41E0-B7AB-EE15DB0C94C3}.Release|Any CPU.ActiveCfg = SingleImage
		{D855FB6A-FB10-41E0-B7AB-EE15DB0C94C3}.Release|Any CPU.Build.0 = SingleImage
		{D855FB6A-FB10-41E0-B7AB-EE15DB0C94C3}.Release|x86.ActiveCfg = SingleImage
		{D855FB6A-FB10-41E0-B7AB-EE15DB0C94C3}.SingleImage|Any CPU.ActiveCfg = SingleImage
		{D855FB6A-FB10-41E0-B7AB-EE15DB0C94C3}.SingleImage|Any CPU.Build.0 = SingleImage
		{D855FB6A-FB10-41E0-B7AB-EE15DB0C94C3}.SingleImage|x86.ActiveCfg = SingleImage
		{CD706E90-3D12-4850-B7A1-8435DDEAF8CD}.CD_ROM|Any CPU.ActiveCfg = Release|Any CPU
		{CD706E90-3D12-4850-B7A1-8435DDEAF8CD}.CD_ROM|Any CPU.Build.0 = Release|Any CPU
		{CD706E90-3D12-4850-B7A1-8435DDEAF8CD}.CD_ROM|x86.ActiveCfg = Debug|Any CPU
		{CD706E90-3D12-4850-B7A1-8435DDEAF8CD}.Debug|Any CPU.ActiveCfg = Debug|Any CPU
		{CD706E90-3D12-4850-B7A1-8435DDEAF8CD}.Debug|Any CPU.Build.0 = Debug|Any CPU
		{CD706E90-3D12-4850-B7A1-8435DDEAF8CD}.Debug|x86.ActiveCfg = Debug|Any CPU
		{CD706E90-3D12-4850-B7A1-8435DDEAF8CD}.DVD-5|Any CPU.ActiveCfg = Debug|Any CPU
		{CD706E90-3D12-4850-B7A1-8435DDEAF8CD}.DVD-5|Any CPU.Build.0 = Debug|Any CPU
		{CD706E90-3D12-4850-B7A1-8435DDEAF8CD}.DVD-5|x86.ActiveCfg = Debug|Any CPU
		{CD706E90-3D12-4850-B7A1-8435DDEAF8CD}.Release|Any CPU.ActiveCfg = Release|Any CPU
		{CD706E90-3D12-4850-B7A1-8435DDEAF8CD}.Release|Any CPU.Build.0 = Release|Any CPU
		{CD706E90-3D12-4850-B7A1-8435DDEAF8CD}.Release|x86.ActiveCfg = Release|Any CPU
		{CD706E90-3D12-4850-B7A1-8435DDEAF8CD}.SingleImage|Any CPU.ActiveCfg = Release|Any CPU
		{CD706E90-3D12-4850-B7A1-8435DDEAF8CD}.SingleImage|Any CPU.Build.0 = Release|Any CPU
		{CD706E90-3D12-4850-B7A1-8435DDEAF8CD}.SingleImage|x86.ActiveCfg = Debug|Any CPU
		{54722C38-9293-4CAC-B75E-694DF7BF3625}.CD_ROM|Any CPU.ActiveCfg = Release|Any CPU
		{54722C38-9293-4CAC-B75E-694DF7BF3625}.CD_ROM|Any CPU.Build.0 = Release|Any CPU
		{54722C38-9293-4CAC-B75E-694DF7BF3625}.CD_ROM|x86.ActiveCfg = Debug|Any CPU
		{54722C38-9293-4CAC-B75E-694DF7BF3625}.Debug|Any CPU.ActiveCfg = Debug|Any CPU
		{54722C38-9293-4CAC-B75E-694DF7BF3625}.Debug|Any CPU.Build.0 = Debug|Any CPU
		{54722C38-9293-4CAC-B75E-694DF7BF3625}.Debug|x86.ActiveCfg = Debug|Any CPU
		{54722C38-9293-4CAC-B75E-694DF7BF3625}.DVD-5|Any CPU.ActiveCfg = Debug|Any CPU
		{54722C38-9293-4CAC-B75E-694DF7BF3625}.DVD-5|Any CPU.Build.0 = Debug|Any CPU
		{54722C38-9293-4CAC-B75E-694DF7BF3625}.DVD-5|x86.ActiveCfg = Debug|Any CPU
		{54722C38-9293-4CAC-B75E-694DF7BF3625}.Release|Any CPU.ActiveCfg = Release|Any CPU
		{54722C38-9293-4CAC-B75E-694DF7BF3625}.Release|Any CPU.Build.0 = Release|Any CPU
		{54722C38-9293-4CAC-B75E-694DF7BF3625}.Release|x86.ActiveCfg = Release|Any CPU
		{54722C38-9293-4CAC-B75E-694DF7BF3625}.SingleImage|Any CPU.ActiveCfg = Release|Any CPU
		{54722C38-9293-4CAC-B75E-694DF7BF3625}.SingleImage|Any CPU.Build.0 = Release|Any CPU
		{54722C38-9293-4CAC-B75E-694DF7BF3625}.SingleImage|x86.ActiveCfg = Debug|Any CPU
		{AFE480EF-C598-49E5-A80B-BD828C91E093}.CD_ROM|Any CPU.ActiveCfg = Release|Any CPU
		{AFE480EF-C598-49E5-A80B-BD828C91E093}.CD_ROM|Any CPU.Build.0 = Release|Any CPU
		{AFE480EF-C598-49E5-A80B-BD828C91E093}.CD_ROM|x86.ActiveCfg = Debug|Any CPU
		{AFE480EF-C598-49E5-A80B-BD828C91E093}.Debug|Any CPU.ActiveCfg = Debug|Any CPU
		{AFE480EF-C598-49E5-A80B-BD828C91E093}.Debug|Any CPU.Build.0 = Debug|Any CPU
		{AFE480EF-C598-49E5-A80B-BD828C91E093}.Debug|x86.ActiveCfg = Debug|Any CPU
		{AFE480EF-C598-49E5-A80B-BD828C91E093}.DVD-5|Any CPU.ActiveCfg = Debug|Any CPU
		{AFE480EF-C598-49E5-A80B-BD828C91E093}.DVD-5|Any CPU.Build.0 = Debug|Any CPU
		{AFE480EF-C598-49E5-A80B-BD828C91E093}.DVD-5|x86.ActiveCfg = Debug|Any CPU
		{AFE480EF-C598-49E5-A80B-BD828C91E093}.Release|Any CPU.ActiveCfg = Release|Any CPU
		{AFE480EF-C598-49E5-A80B-BD828C91E093}.Release|Any CPU.Build.0 = Release|Any CPU
		{AFE480EF-C598-49E5-A80B-BD828C91E093}.Release|x86.ActiveCfg = Release|Any CPU
		{AFE480EF-C598-49E5-A80B-BD828C91E093}.SingleImage|Any CPU.ActiveCfg = Release|Any CPU
		{AFE480EF-C598-49E5-A80B-BD828C91E093}.SingleImage|Any CPU.Build.0 = Release|Any CPU
		{AFE480EF-C598-49E5-A80B-BD828C91E093}.SingleImage|x86.ActiveCfg = Debug|Any CPU
		{8798A516-1C7E-48B9-8534-10F8471DA732}.CD_ROM|Any CPU.ActiveCfg = Release|Any CPU
		{8798A516-1C7E-48B9-8534-10F8471DA732}.CD_ROM|Any CPU.Build.0 = Release|Any CPU
		{8798A516-1C7E-48B9-8534-10F8471DA732}.CD_ROM|x86.ActiveCfg = Debug|Any CPU
		{8798A516-1C7E-48B9-8534-10F8471DA732}.Debug|Any CPU.ActiveCfg = Debug|Any CPU
		{8798A516-1C7E-48B9-8534-10F8471DA732}.Debug|Any CPU.Build.0 = Debug|Any CPU
		{8798A516-1C7E-48B9-8534-10F8471DA732}.Debug|x86.ActiveCfg = Debug|Any CPU
		{8798A516-1C7E-48B9-8534-10F8471DA732}.DVD-5|Any CPU.ActiveCfg = Debug|Any CPU
		{8798A516-1C7E-48B9-8534-10F8471DA732}.DVD-5|Any CPU.Build.0 = Debug|Any CPU
		{8798A516-1C7E-48B9-8534-10F8471DA732}.DVD-5|x86.ActiveCfg = Debug|Any CPU
		{8798A516-1C7E-48B9-8534-10F8471DA732}.Release|Any CPU.ActiveCfg = Release|Any CPU
		{8798A516-1C7E-48B9-8534-10F8471DA732}.Release|Any CPU.Build.0 = Release|Any CPU
		{8798A516-1C7E-48B9-8534-10F8471DA732}.Release|x86.ActiveCfg = Release|Any CPU
		{8798A516-1C7E-48B9-8534-10F8471DA732}.SingleImage|Any CPU.ActiveCfg = Release|Any CPU
		{8798A516-1C7E-48B9-8534-10F8471DA732}.SingleImage|Any CPU.Build.0 = Release|Any CPU
		{8798A516-1C7E-48B9-8534-10F8471DA732}.SingleImage|x86.ActiveCfg = Debug|Any CPU
		{8C68CA22-92F7-45B8-A9D2-46F139B9CBE9}.CD_ROM|Any CPU.ActiveCfg = Release
		{8C68CA22-92F7-45B8-A9D2-46F139B9CBE9}.CD_ROM|x86.ActiveCfg = Release
		{8C68CA22-92F7-45B8-A9D2-46F139B9CBE9}.Debug|Any CPU.ActiveCfg = Debug
		{8C68CA22-92F7-45B8-A9D2-46F139B9CBE9}.Debug|x86.ActiveCfg = Debug
		{8C68CA22-92F7-45B8-A9D2-46F139B9CBE9}.DVD-5|Any CPU.ActiveCfg = Debug
		{8C68CA22-92F7-45B8-A9D2-46F139B9CBE9}.DVD-5|x86.ActiveCfg = Debug
		{8C68CA22-92F7-45B8-A9D2-46F139B9CBE9}.Release|Any CPU.ActiveCfg = Release
		{8C68CA22-92F7-45B8-A9D2-46F139B9CBE9}.Release|x86.ActiveCfg = Release
		{8C68CA22-92F7-45B8-A9D2-46F139B9CBE9}.SingleImage|Any CPU.ActiveCfg = Release
		{8C68CA22-92F7-45B8-A9D2-46F139B9CBE9}.SingleImage|x86.ActiveCfg = Release
	EndGlobalSection
	GlobalSection(SolutionProperties) = preSolution
		HideSolutionNode = FALSE
	EndGlobalSection
	GlobalSection(NestedProjects) = preSolution
		{4E0A93AD-7445-405B-ADDB-437463E426EA} = {BCABD5DB-D216-4F7E-AA4D-F9C4E20DADE9}
		{CA0FF4BD-7B35-4B11-9328-0874E8A2A250} = {BCABD5DB-D216-4F7E-AA4D-F9C4E20DADE9}
		{88DDD9E6-7A39-46FE-A856-DE24A3608941} = {BCABD5DB-D216-4F7E-AA4D-F9C4E20DADE9}
		{F149C198-7487-4638-9DE7-FD32BCCC318B} = {BCABD5DB-D216-4F7E-AA4D-F9C4E20DADE9}
		{B19FCC81-8CA0-41D5-B77D-17E2BF9B43C7} = {5539DF95-D2AE-4867-8AB4-131CBBC4E552}
		{0CAC64ED-8EDC-42F2-A982-66FF83AF9A73} = {B19FCC81-8CA0-41D5-B77D-17E2BF9B43C7}
		{09F71297-21F2-4D77-9874-C8C34BC426D9} = {B19FCC81-8CA0-41D5-B77D-17E2BF9B43C7}
		{21316159-7415-4F7C-9A82-540AFD96758B} = {B19FCC81-8CA0-41D5-B77D-17E2BF9B43C7}
		{45A82428-D7BB-4CCC-AAB6-1C779DB95C22} = {B19FCC81-8CA0-41D5-B77D-17E2BF9B43C7}
		{DD630694-58B9-415A-A3E8-562E2FE31564} = {B19FCC81-8CA0-41D5-B77D-17E2BF9B43C7}
		{90BCD121-049F-4C8D-937F-E6EFBD5537CE} = {B19FCC81-8CA0-41D5-B77D-17E2BF9B43C7}
		{D855FB6A-FB10-41E0-B7AB-EE15DB0C94C3} = {00F82CE0-5596-4D5A-8A20-BAA5FA8553C5}
		{CD706E90-3D12-4850-B7A1-8435DDEAF8CD} = {B19FCC81-8CA0-41D5-B77D-17E2BF9B43C7}
		{54722C38-9293-4CAC-B75E-694DF7BF3625} = {B19FCC81-8CA0-41D5-B77D-17E2BF9B43C7}
		{AFE480EF-C598-49E5-A80B-BD828C91E093} = {B19FCC81-8CA0-41D5-B77D-17E2BF9B43C7}
		{8798A516-1C7E-48B9-8534-10F8471DA732} = {B19FCC81-8CA0-41D5-B77D-17E2BF9B43C7}
		{8C68CA22-92F7-45B8-A9D2-46F139B9CBE9} = {00F82CE0-5596-4D5A-8A20-BAA5FA8553C5}
	EndGlobalSection
EndGlobal
